
Microsoft Visual Studio Solution File, Format Version 12.00
# Visual Studio Version 16
VisualStudioVersion = 16.0.30717.126
MinimumVisualStudioVersion = 10.0.40219.1
Project("{9A19103F-16F7-4668-BE54-9A1E7A4F7556}") = "DevExpress.Mvvm.CodeGenerators", "DevExpress.Mvvm.CodeGenerators\DevExpress.Mvvm.CodeGenerators.csproj", "{F644D6FB-4CC7-4366-997D-EC08CAE7523E}"
EndProject
Project("{FAE04EC0-301F-11D3-BF4B-00C04F79EFBC}") = "FrameworkTests", "DevExpress.Mvvm.CodeGenerators.Tests\FrameworkTests\FrameworkTests.csproj", "{DB30DEE7-04DE-43B5-9BF1-1CD9BF27D058}"
	ProjectSection(ProjectDependencies) = postProject
		{F644D6FB-4CC7-4366-997D-EC08CAE7523E} = {F644D6FB-4CC7-4366-997D-EC08CAE7523E}
	EndProjectSection
EndProject
Project("{9A19103F-16F7-4668-BE54-9A1E7A4F7556}") = "NetCoreTests", "DevExpress.Mvvm.CodeGenerators.Tests\NetCoreTests\NetCoreTests.csproj", "{6455AEC3-606F-49A6-9512-9F72E0789A89}"
	ProjectSection(ProjectDependencies) = postProject
		{F644D6FB-4CC7-4366-997D-EC08CAE7523E} = {F644D6FB-4CC7-4366-997D-EC08CAE7523E}
	EndProjectSection
EndProject
Project("{9A19103F-16F7-4668-BE54-9A1E7A4F7556}") = "WinUITests", "DevExpress.Mvvm.CodeGenerators.Tests\WinUITest\WinUITests.csproj", "{7AAE0885-34EC-469D-996F-429195585A18}"
	ProjectSection(ProjectDependencies) = postProject
		{F644D6FB-4CC7-4366-997D-EC08CAE7523E} = {F644D6FB-4CC7-4366-997D-EC08CAE7523E}
	EndProjectSection
EndProject
Project("{FAE04EC0-301F-11D3-BF4B-00C04F79EFBC}") = "UnitTests", "DevExpress.Mvvm.CodeGenerators.Tests\UnitTests\UnitTests.csproj", "{6DFFADA3-0873-4F11-A4E2-742131B9F43C}"
EndProject
Global
	GlobalSection(SolutionConfigurationPlatforms) = preSolution
		Debug|Any CPU = Debug|Any CPU
		Release|Any CPU = Release|Any CPU
	EndGlobalSection
	GlobalSection(ProjectConfigurationPlatforms) = postSolution
		{F644D6FB-4CC7-4366-997D-EC08CAE7523E}.Debug|Any CPU.ActiveCfg = Debug|Any CPU
		{F644D6FB-4CC7-4366-997D-EC08CAE7523E}.Debug|Any CPU.Build.0 = Debug|Any CPU
		{F644D6FB-4CC7-4366-997D-EC08CAE7523E}.Release|Any CPU.ActiveCfg = Release|Any CPU
		{F644D6FB-4CC7-4366-997D-EC08CAE7523E}.Release|Any CPU.Build.0 = Release|Any CPU
		{DB30DEE7-04DE-43B5-9BF1-1CD9BF27D058}.Debug|Any CPU.ActiveCfg = Debug|Any CPU
		{DB30DEE7-04DE-43B5-9BF1-1CD9BF27D058}.Debug|Any CPU.Build.0 = Debug|Any CPU
		{DB30DEE7-04DE-43B5-9BF1-1CD9BF27D058}.Release|Any CPU.ActiveCfg = Release|Any CPU
		{DB30DEE7-04DE-43B5-9BF1-1CD9BF27D058}.Release|Any CPU.Build.0 = Release|Any CPU
		{6455AEC3-606F-49A6-9512-9F72E0789A89}.Debug|Any CPU.ActiveCfg = Debug|Any CPU
		{6455AEC3-606F-49A6-9512-9F72E0789A89}.Debug|Any CPU.Build.0 = Debug|Any CPU
		{6455AEC3-606F-49A6-9512-9F72E0789A89}.Release|Any CPU.ActiveCfg = Release|Any CPU
		{6455AEC3-606F-49A6-9512-9F72E0789A89}.Release|Any CPU.Build.0 = Release|Any CPU
		{7AAE0885-34EC-469D-996F-429195585A18}.Debug|Any CPU.ActiveCfg = Debug|Any CPU
		{7AAE0885-34EC-469D-996F-429195585A18}.Debug|Any CPU.Build.0 = Debug|Any CPU
		{7AAE0885-34EC-469D-996F-429195585A18}.Release|Any CPU.ActiveCfg = Release|Any CPU
		{7AAE0885-34EC-469D-996F-429195585A18}.Release|Any CPU.Build.0 = Release|Any CPU
		{6DFFADA3-0873-4F11-A4E2-742131B9F43C}.Debug|Any CPU.ActiveCfg = Debug|Any CPU
		{6DFFADA3-0873-4F11-A4E2-742131B9F43C}.Debug|Any CPU.Build.0 = Debug|Any CPU
		{6DFFADA3-0873-4F11-A4E2-742131B9F43C}.Release|Any CPU.ActiveCfg = Release|Any CPU
		{6DFFADA3-0873-4F11-A4E2-742131B9F43C}.Release|Any CPU.Build.0 = Release|Any CPU
	EndGlobalSection
	GlobalSection(SolutionProperties) = preSolution
		HideSolutionNode = FALSE
	EndGlobalSection
	GlobalSection(ExtensibilityGlobals) = postSolution
		SolutionGuid = {6B3685B0-A7BA-4A91-962A-FF514A2C301C}
	EndGlobalSection
EndGlobal
